{
  "nodes": {
    "nixpkgs": {
      "locked": {
        "lastModified": 1758916627,
        "narHash": "sha256-fB2ISCc+xn+9hZ6gOsABxSBcsCgLCjbJ5bC6U9bPzQ4=",
        "owner": "NixOS",
        "repo": "nixpkgs",
        "rev": "53614373268559d054c080d070cfc732dbe68ac4",
        "type": "github"
      },
      "original": {
        "owner": "NixOS",
        "ref": "nixpkgs-unstable",
        "repo": "nixpkgs",
        "type": "github"
      }
    },
    "root": {
      "inputs": {
        "nixpkgs": "nixpkgs",
        "utils": "utils"
      }
    },
    "utils": {
      "inputs": {
        "nixpkgs": [
          "nixpkgs"
        ]
      },
      "locked": {
        "lastModified": 1758190880,
        "narHash": "sha256-Hj9M8IiiZT9YmOuQdkWQdYPLDE5qkUabGz+gZP628S8=",
        "owner": "vivAnicc",
        "repo": "nix-utils",
        "rev": "1f59cfa39cc03376df145538a5cf9eb9dc8e1066",
        "type": "github"
      },
      "original": {
        "owner": "vivAnicc",
        "repo": "nix-utils",
        "type": "github"
      }
    }
  },
  "root": "root",
  "version": 7
}
